github.com/BurntSushi/toml v0.3.1/go.mod h1:xHWCNGjB5oqiDr8zfno3MHue2Ht5sIBksp03qcyfWMU=
github.com/benbjohnson/clock v1.1.0/go.mod h1:J11/hYXuz8f4ySSvYwY0FKfm+ezbsZBKZxNJlLklBHA=
github.com/benbjohnson/clock v1.3.0/go.mod h1:J11/hYXuz8f4ySSvYwY0FKfm+ezbsZBKZxNJlLklBHA=
github.com/bhbosman/goCommsDefinitions v0.0.0-20220801175552-c5aa68065af3/go.mod h1:37dZwNUF+PlfFbSnYP4tGXIELeZom5mRWfTBr9mNOPE=
github.com/bhbosman/goCommsDefinitions v0.0.0-20230308211643-24fe88b2378e/go.mod h1:tkd0ohtBBlomjgZrSj1K7YHT6zb0td0X6v6Tv/kn/wA=
github.com/bhbosman/goCommsDefinitions v0.0.0-20250308000247-4306925b3dfd h1:1z7B4HNVpYRZllTfjAtuvSI/Joh7+MlABhc2rfjDYmg=
github.com/bhbosman/goCommsDefinitions v0.0.0-20250308000247-4306925b3dfd/go.mod h1:iD8gXP/wYO2bEcOv4103lssa7vajoQcU+k9Q5IsBgds=
github.com/bhbosman/goCommsDefinitions v0.0.0-20250308074916-3e7c0d32b971 h1:4/hs9UMmWcASzQ5SG4pqkfaaqgzl2AzIE1o/AlziVSc=
github.com/bhbosman/goCommsDefinitions v0.0.0-20250308074916-3e7c0d32b971/go.mod h1:YtxfrhWaceLlKwk4urRmrOiLjg38xSWoO0xtQbuJGiM=
github.com/bhbosman/goCommsDefinitions v0.0.0-20250308144130-64993b60920c h1:lnaiiRm42D7qM/XktkHCY14XaNgWIbqJvgJ3cKOhSwQ=
github.com/bhbosman/goCommsDefinitions v0.0.0-20250308144130-64993b60920c/go.mod h1:Jm/611+Q3lrCFITwkMyE+06Tk6T9z6Qdvl+MvPKzt+0=
github.com/bhbosman/goCommsNetListener v0.0.0-20231011182118-3481e4a0204e h1:Ti083HNiaVvTR1H5CRS8KFgixlFxIFaMvt7xpjNVfF8=
github.com/bhbosman/goCommsNetListener v0.0.0-20231011182118-3481e4a0204e/go.mod h1:yXFzTOyQlW39Wt70+jGWzNzBZqccHQgw71kF9JGEjdc=
github.com/bhbosman/goCommsNetListener v0.0.0-20250308054504-9e394f3cd581 h1:a++W6if2QSiYLz7bnr2UVq5xmxgDTx9xeFNItvuF1KM=
github.com/bhbosman/goCommsNetListener v0.0.0-20250308054504-9e394f3cd581/go.mod h1:AdlWnMD++Lj/J1WhldaEK6Mrs9jjrYrNJA3GBqfgKVw=
github.com/bhbosman/goCommsNetListener v0.0.0-20250308072116-bc3af6251376 h1:cdLeq/Dd6eANGBDHKd3FJ3ZEIy1Vyz2Qu+VJMo47rR8=
github.com/bhbosman/goCommsNetListener v0.0.0-20250308072116-bc3af6251376/go.mod h1:CFHQMh763YcMXWIlQD49Eo2TU56fSrQfZHopf3aROUc=
github.com/bhbosman/goCommsNetListener v0.0.0-20250308122653-28d9e53d4343 h1:aCoOjWVoRTiOzR2O8k7+WHFJBVLcfYB3clmkUJHG+ns=
github.com/bhbosman/goCommsNetListener v0.0.0-20250308122653-28d9e53d4343/go.mod h1:DzTFJ2OpXA0oYVtCrRlVqrkduOUqsWyrk/NjZKG3ky4=
github.com/bhbosman/goCommsNetListener v0.0.0-20250308152827-7ea57b5923dc h1:INAQECF9RxOttzT00a3t9jGDA5mHp3N5eFTh28bxTd4=
github.com/bhbosman/goCommsNetListener v0.0.0-20250308152827-7ea57b5923dc/go.mod h1:GQX/0AYs+lGjcXJEOhFfSAmhPH+a6yFBrYUoN3O52ao=
github.com/bhbosman/goCommsNetListener v0.0.0-20250308154802-78cc2d086d08 h1:ooTct7WeyV71ja/aO2AZ3hAku3okHZq5TrtiPjgU8s8=
github.com/bhbosman/goCommsNetListener v0.0.0-20250308154802-78cc2d086d08/go.mod h1:vCKs9AQ8ENjcBmqrGWfjKDADDZBppFAfqQSWfCU94BA=
github.com/bhbosman/goCommsSshListener v0.0.0-20250308053851-25125d5766db h1:jqF/MsRJXPDqqN8qJvNm0vK68NWTcDmc8PzWgZ09J+I=
github.com/bhbosman/goCommsSshListener v0.0.0-20250308053851-25125d5766db/go.mod h1:cBEQjjO0SwmsV3TTeklC0bT0H2QIfGqAumnYupAdtlQ=
github.com/bhbosman/goCommsSshListener v0.0.0-20250308062756-6f0c710bbe42 h1:wFDplEC1jllYzXp4bbMLGFC2HwJlZKqMkL9+hFNHGZo=
github.com/bhbosman/goCommsSshListener v0.0.0-20250308062756-6f0c710bbe42/go.mod h1:tQuKCsQsZjQujSbCO5d6Edtb0clHAagMHRQ3j0D4eyM=
github.com/bhbosman/goCommsSshListener v0.0.0-20250308063534-cb119465b964 h1:8g5+PA29Rk2qV9WWKJfzVqz5HKGL/qGZdH/NBzk5zQ0=
github.com/bhbosman/goCommsSshListener v0.0.0-20250308063534-cb119465b964/go.mod h1:zaBYWn3UFeLQ6TGRJ87inRO52eCak2UMz5p3E1jVLCA=
github.com/bhbosman/goCommsSshListener v0.0.0-20250308072155-2a429d6813fe h1:JYBlziQAcGLXgXIgpR4yQUwYhdyVJ6C99PhO3yzkaVE=
github.com/bhbosman/goCommsSshListener v0.0.0-20250308072155-2a429d6813fe/go.mod h1:YzYoEdC/pFfRPtRzriIUgerruFKvqd2LzZWmSUA/nK4=
github.com/bhbosman/goCommsSshListener v0.0.0-20250308122653-e01bd75fb88f h1:hxaRiYn27XJCtfAiwe/Uh4FJBRipedrSUqPFUThj+04=
github.com/bhbosman/goCommsSshListener v0.0.0-20250308122653-e01bd75fb88f/go.mod h1:x0msORnoOQf78OJPtiV64VpfAWxRomLbLDS9uTWoGbU=
github.com/bhbosman/goCommsSshListener v0.0.0-20250308131935-98af16ec2ab9 h1:U8LNX8e3FHpMTUFp/0OSijcCa/46Q4v85xwfPCeH7fg=
github.com/bhbosman/goCommsSshListener v0.0.0-20250308131935-98af16ec2ab9/go.mod h1:AbKwmHKis/iP3TeDgZ2uAkEfOZq00P6a12huNB7tO1Y=
github.com/bhbosman/goCommsSshListener v0.0.0-20250308133848-b9b57eefd1d1 h1:Ik1foD0ucqBb8eo+zTl/z842P7B/suszVkZFElBzEU0=
github.com/bhbosman/goCommsSshListener v0.0.0-20250308133848-b9b57eefd1d1/go.mod h1:QcHJOKJBXLL7gmR6FxXg1ziEjZiIdDZ2Qyitmj8RFKw=
github.com/bhbosman/goCommsSshListener v0.0.0-20250308140155-38b9b715af14 h1:3YbIF/4fNbvaZNMwx82x4Sedd93NpqWEOUWJvR9MFjc=
github.com/bhbosman/goCommsSshListener v0.0.0-20250308140155-38b9b715af14/go.mod h1:Iw0i75erPT/y0a4cnI1Hb9MYYdjn3L2u3OD1G7Tacdc=
github.com/bhbosman/goCommsSshListener v0.0.0-20250308152833-4f29a1383f65 h1:Aci6GFNdJAvRqH9xrc8Qn/GjTILwpS09ExJAVHzyvsQ=
github.com/bhbosman/goCommsSshListener v0.0.0-20250308152833-4f29a1383f65/go.mod h1:fbmEH0qYYWAKtKLWA8VR0sfN0mxoJnAuTeS0gg90FpU=
github.com/bhbosman/goCommsStacks v0.0.0-20250308055233-8992b9d0c219 h1:nghsuMBcVHrahgdTP/KI+NNZR2k3itXPcoXTPBHD1N0=
github.com/bhbosman/goCommsStacks v0.0.0-20250308055233-8992b9d0c219/go.mod h1:y3wvXWM7xiICR6gjzLuETzZSRJp5R+zIvh9o8aUHXMg=
github.com/bhbosman/goCommsStacks v0.0.0-20250308073453-2a34f22d9bb1 h1:4FQytGmSPPEAv4Zb2bEWNVfjf8xJJUROf+7bj2o5Fs4=
github.com/bhbosman/goCommsStacks v0.0.0-20250308073453-2a34f22d9bb1/go.mod h1:T/rbVuCWy0DJyeMb7j+WmiW2V4/f0UN/o42yJOHE5MQ=
github.com/bhbosman/goCommsStacks v0.0.0-20250308122653-67040ed90c18 h1:fCsaTjUjrExk/PrAggcIe+A3/yaY/p9ViNglvupgxoQ=
github.com/bhbosman/goCommsStacks v0.0.0-20250308122653-67040ed90c18/go.mod h1:8CYkY8G+BZASAdGkNzSUev3FAV62Tol7dOK7LccGRrE=
github.com/bhbosman/goCommsStacks v0.0.0-20250308140058-bc4682f34818 h1:i35NxIJj+3/trmv4Qyj2TSWCWYp+LvX+zgxMgU61sXo=
github.com/bhbosman/goCommsStacks v0.0.0-20250308140058-bc4682f34818/go.mod h1:uqoiVPJ5iW1OG0tVDNEzXRZFm3TzlqUq+l9lLlFJcoU=
github.com/bhbosman/goCommsStacks v0.0.0-20250308150310-d89697671b2a h1:ch1HP4J4JbFM4Y3zNLLR3UZz92fseCnzPWEPf0deIe4=
github.com/bhbosman/goCommsStacks v0.0.0-20250308150310-d89697671b2a/go.mod h1:KJjOIpgKY3tjOhq7NAZhBanJjpydnsrHBUy0K1OKhBU=
github.com/bhbosman/goConnectionManager v0.0.0-20250307224538-a79ceb218fd0 h1:OjR/f0uvTnscaExqGxL0uqPWoOAYJetEVofEvvEEOFQ=
github.com/bhbosman/goConnectionManager v0.0.0-20250307224538-a79ceb218fd0/go.mod h1:dMKhszqDuA7ziup+oBPXkiIHnNU8JPAt5vEvyNkXXxk=
github.com/bhbosman/goConnectionManager v0.0.0-20250308054322-587c786bedb0 h1:XdF25zaOXJb9XZEQ8yWWay/0SsgYvWJF4T7bvpyh76s=
github.com/bhbosman/goConnectionManager v0.0.0-20250308054322-587c786bedb0/go.mod h1:IPFrgfmxCXp1Vvvzn0VhX+rsLlCfoUIOdowkTvNmYZM=
github.com/bhbosman/goConnectionManager v0.0.0-20250308072343-5ecf88215e38 h1:82LWGEM9SPvd/mp6T/v/lYm07IypmGtfX8fP5i0cYd4=
github.com/bhbosman/goConnectionManager v0.0.0-20250308072343-5ecf88215e38/go.mod h1:lD80UgopARIvGKA6vdCE4d2csy/AoOlFxnpx+EoOXtc=
github.com/bhbosman/goConnectionManager v0.0.0-20250308122653-53a96fe357f2 h1:g2CUTrG6dGqVw7888o7ZQhYTZlUMEN9h1rEzMf6zqA8=
github.com/bhbosman/goConnectionManager v0.0.0-20250308122653-53a96fe357f2/go.mod h1:3vN5ENCKucbzUATz5ecAUqwF/M7L9lZ5We4Ypevt2c8=
github.com/bhbosman/goConnectionManager v0.0.0-20250308133907-06eddcd798f6 h1:F/3tByXZDuHMgxKckwNaYZCfiTPKA38M1AHMD7a9I7E=
github.com/bhbosman/goConnectionManager v0.0.0-20250308133907-06eddcd798f6/go.mod h1:dy73KjrQewhG9PsdJcPJ2d5Jz9BLcyfQAi7kjwKhhqI=
github.com/bhbosman/goConnectionManager v0.0.0-20250308145438-ea83361668a5 h1:/uTy0VE3M0J74cc8lmpWhHOa9Qq5zepZyHSuI6fvBE0=
github.com/bhbosman/goConnectionManager v0.0.0-20250308145438-ea83361668a5/go.mod h1:7+MswMa2jldwZ2qZi6oksXHfBgRlX2eLXL/juWIpDwg=
github.com/bhbosman/goConnectionManager v0.0.0-20250308150558-5d463bc5c9e3 h1:JFJS80FndQUAy8oYP/QQY+JwcoiYCdne/EryKWw868A=
github.com/bhbosman/goConnectionManager v0.0.0-20250308150558-5d463bc5c9e3/go.mod h1:5lspf2JKYL4tq5nNWCTVKg3LRwgHjCMvGz/HmAz3QY8=
github.com/bhbosman/goFxApp v0.0.0-20250307230611-15e28b32dfad h1:R8oM0VaK5SwV/GhQfk6xiWEhovAIbLskpEqIzSLDB1Q=
github.com/bhbosman/goFxApp v0.0.0-20250307230611-15e28b32dfad/go.mod h1:a4YHhLtYHS9cRj4Nd7GFzWpl7r6QzYP5Y4swB9QURoI=
github.com/bhbosman/goFxApp v0.0.0-20250308052840-c690d60e479d h1:NxjdYaZhF0frCloGyIaR6T291gYLDKpdmvW5zksakHw=
github.com/bhbosman/goFxApp v0.0.0-20250308052840-c690d60e479d/go.mod h1:iHRkWIBoFLP37PoUFP1s+B89CT3JHMKTLY40PsPiUh4=
github.com/bhbosman/goFxApp v0.0.0-20250308072343-1987095b450b h1:iUqdqkg5g9o6G5FWU77K0j7WFKb6H5oxtCAJ3ofR3eU=
github.com/bhbosman/goFxApp v0.0.0-20250308072343-1987095b450b/go.mod h1:e2P6W2NVJsu+/CNxFAGDUHD9Ss1KV0w/dGlfcZ3NjRk=
github.com/bhbosman/goFxApp v0.0.0-20250308140120-240d765e819d h1:rMOER4TqSEs3gdLnvLDd+uGffAjVFuhNYDj+iu0IXRE=
github.com/bhbosman/goFxApp v0.0.0-20250308140120-240d765e819d/go.mod h1:psLk6yiX0KoVJl/mYGwbc8kh25MZ7V2114lCEKlRgw4=
github.com/bhbosman/goFxApp v0.0.0-20250308145557-3cf179139aee h1:bf5HPt0I382Te3w+xGDPUNUyBtYJUxvfmw22KNhtkHs=
github.com/bhbosman/goFxApp v0.0.0-20250308145557-3cf179139aee/go.mod h1:H8ie6u3WyRRP+MPlr8ojblqTuC/p8gTNqmAW9t9lwLc=
github.com/bhbosman/goFxAppManager v0.0.0-20250307225418-ef314d0a9319 h1:kP6SYfU78d/E47g/Z+qLud6iUMm6YyWqe6rjoerOjx0=
github.com/bhbosman/goFxAppManager v0.0.0-20250307225418-ef314d0a9319/go.mod h1:ycupVtM9tSyMp0z+ak3mDfxs7N2L8ALyjd5+VdfrRSs=
github.com/bhbosman/goFxAppManager v0.0.0-20250308052839-63033ea503a7 h1:26wgm1oO533gmNz/iaqnLif6nq5NS5xeMjT824rv1PQ=
github.com/bhbosman/goFxAppManager v0.0.0-20250308052839-63033ea503a7/go.mod h1:o+bgVaS4CNXBGvqHXMhttoXO9K4tNT9dvB6t94opHE4=
github.com/bhbosman/goFxAppManager v0.0.0-20250308072827-0bc0f03a9d29 h1:MT4nSVHj+QHqwfeNrLG++Ju/jlt6g/KNaMXW1iBOvKo=
github.com/bhbosman/goFxAppManager v0.0.0-20250308072827-0bc0f03a9d29/go.mod h1:Jg58N4bm+7BbNQsFZEkgniHFCzONN1jAh2P68MgQFfY=
github.com/bhbosman/goFxAppManager v0.0.0-20250308140124-9230c32fe2ee h1:lC94YW0tDwIQt6pRBPoZXB399qXPEcmf0ko3ctwpj48=
github.com/bhbosman/goFxAppManager v0.0.0-20250308140124-9230c32fe2ee/go.mod h1:7co1qgnBKfZJnD/rlSmHM3mw9ESnBSvdsAtLQFGQdFI=
github.com/bhbosman/goUi v0.0.0-20250308052840-a0e5fd7e5f88 h1:Dyqc31wVVUcDJd0LMXj7l4sNt98wCPmrV7n3rWuYOJc=
github.com/bhbosman/goUi v0.0.0-20250308052840-a0e5fd7e5f88/go.mod h1:3FskHyMUG9BmfVvg+rAOKsJbjVrJqrlBnC3Cr6uER3E=
github.com/bhbosman/goUi v0.0.0-20250308071736-0cc76a4d2dbf h1:rsvb1FlEPNwJk32hXoLGltUb+6NVbVHjLn6E2BvE3TI=
github.com/bhbosman/goUi v0.0.0-20250308071736-0cc76a4d2dbf/go.mod h1:l8l8U6QbtjsZzp8q5/o/WLDcYcdvZDUW5T/tX2lhNvk=
github.com/bhbosman/goUi v0.0.0-20250308073057-c42a9b24bf52 h1:HNmzV57nbrgzDMPEyuQSryIac3j+vzq4i8tJyUQUWQY=
github.com/bhbosman/goUi v0.0.0-20250308073057-c42a9b24bf52/go.mod h1:l8l8U6QbtjsZzp8q5/o/WLDcYcdvZDUW5T/tX2lhNvk=
github.com/bhbosman/goUi v0.0.0-20250308124821-836921ea8a1e h1:QVfBl4jjU1X/DtmHNETtXQZOfFlnVBc4RFdWLE4X2QI=
github.com/bhbosman/goUi v0.0.0-20250308124821-836921ea8a1e/go.mod h1:l6UDCyN+is/QLuGMx3hjrQhOFXyH4q30vhPXWFRDX2A=
github.com/bhbosman/goUi v0.0.0-20250308132651-2a5e82ef72b0 h1:3ordy/bAGZcIlTsoYX91wdC9ToTKIyC+Bexyn7l1/Co=
github.com/bhbosman/goUi v0.0.0-20250308132651-2a5e82ef72b0/go.mod h1:7oMy2ehnSEUqADTLjWJa+q1Coolp3MEL3yquKabG1Qg=
github.com/bhbosman/goUi v0.0.0-20250308145459-134c11444111 h1:zLUCgoIU9kpolN127wL6Tt0c9hiiwCMv+bkctXsVzFw=
github.com/bhbosman/goUi v0.0.0-20250308145459-134c11444111/go.mod h1:Sb+lHPb2x1Xv1SZR67dKpkb9LU15OQwfVPtv+CCPCVw=
github.com/bhbosman/goUi v0.0.0-20250308151444-1fc0528a2178 h1:WzVQf8zB+g0FUawiBQmv3rOxlfB7ao/tdRHWnsbgJC8=
github.com/bhbosman/goUi v0.0.0-20250308151444-1fc0528a2178/go.mod h1:zixQI2WcU7dv2Jj8PVzaL4ITiFzqn+CFr1G8hr5L8O4=
github.com/bhbosman/goUi v0.0.0-20250308152754-9da2082d1fbd h1:mlOCrsiUrUUk0sZnq/Q23uQq/OULHMpofK+56ykSvxI=
github.com/bhbosman/goUi v0.0.0-20250308152754-9da2082d1fbd/go.mod h1:ls7psAPSzVibEtClXaZDx5T8fYStM22esQ+113Ymlgw=
github.com/bhbosman/gocommon v0.0.0-20250308052839-0ebeb121f996 h1:J4LPhDOOJ/tIJscYU6vNy2V1CzVflIHTJMYdN9gtGqg=
github.com/bhbosman/gocommon v0.0.0-20250308052839-0ebeb121f996/go.mod h1:PcUe1UZjlmyuDrh2cEzNAgi+BQEV10LWktEL2C9BRS0=
github.com/bhbosman/gocommon v0.0.0-20250308071735-43b385b00819 h1:B+7lAu+nnm9PI6M2ltgAD10Ay1H6StjvFEIVmmgZx4U=
github.com/bhbosman/gocommon v0.0.0-20250308071735-43b385b00819/go.mod h1:6PneFIBNKkWgXncFgaqsSIeKFl1So5J5/QM2S2xule8=
github.com/bhbosman/gocommon v0.0.0-20250308131803-28622f55deb1 h1:H6xBDuvTUHP3HWOcY6VdO4GBW5bqk0jM1dn8f2SYwD0=
github.com/bhbosman/gocommon v0.0.0-20250308131803-28622f55deb1/go.mod h1:7lml5lQFGVyrvj3awVTQ0SdaqW3WdcKEC8hhcmNGOHE=
github.com/bhbosman/gocommon v0.0.0-20250308150148-56b7e6e14bff h1:lDqy+h+pbnVXRxXnYyTDLhUA1qWsbFiUTox+30EHfwU=
github.com/bhbosman/gocommon v0.0.0-20250308150148-56b7e6e14bff/go.mod h1:X1Vckq6MxT7Ozn4fMsUKXkgEgggnsBGs+HX9SWzl+Tk=
github.com/bhbosman/gocomms v0.0.0-20250308000247-0dafbc2926a9 h1:/BmfEj0hapFf8jDW1yZ0ePcHjVNysBmxwcWQVE/zPBY=
github.com/bhbosman/gocomms v0.0.0-20250308000247-0dafbc2926a9/go.mod h1:2nOwvEALJ2+vzFZfQTt/lAvMGYtvk1eCwWTuy+5WmYM=
github.com/bhbosman/gocomms v0.0.0-20250308053431-cfd3e830d8a5 h1:XLbRBpGbpeSQjatBfiK1onmDIoRY9ajyiSZ/XSdww9M=
github.com/bhbosman/gocomms v0.0.0-20250308053431-cfd3e830d8a5/go.mod h1:Ahez8GZuD9X3bGcGb45IOK2gIgRE2Pquod8NImb1D50=
github.com/bhbosman/gocomms v0.0.0-20250308073453-53d6befb6d1a h1:G624DLsYNSEz7tc4pN49Ii+KHjNHlAty1oi0D2LgFIo=
github.com/bhbosman/gocomms v0.0.0-20250308073453-53d6befb6d1a/go.mod h1:jkDgfw9i8Jt/Ym5pxnPSxiGFifB6/LlVrAB9nMi6rXA=
github.com/bhbosman/gocomms v0.0.0-20250308122654-329e339db0e0 h1:umKod1Go+wqmTyPQvgq8tKqazoveIH8bjvp+6niTXWc=
github.com/bhbosman/gocomms v0.0.0-20250308122654-329e339db0e0/go.mod h1:F6u+tEfFctybgOv6ojaCQoZ9Gioa4f3bGnq0T8HvPZc=
github.com/bhbosman/gocomms v0.0.0-20250308133812-cb1afb4044ed h1:gDQw7lpqqyoI3z1CYbBTGVsv21Kqfhs1rchWjh2UmEY=
github.com/bhbosman/gocomms v0.0.0-20250308133812-cb1afb4044ed/go.mod h1:mIM4L6gYvV3dyX5SlSmfKsrPslR4dYfy9guhUjBTGTE=
github.com/bhbosman/gocomms v0.0.0-20250308150300-a1d5009c77b1 h1:E77lWDyXN+w3pN/I8O6Y/vV9tQsaDsuhTAttI5nzod4=
github.com/bhbosman/gocomms v0.0.0-20250308150300-a1d5009c77b1/go.mod h1:uC6L4zBCy7cFQt4Oy2L4p6/7xg+GpqcE8c/DzIavtMw=
github.com/bhbosman/gocomms v0.0.0-20250308152759-52892cbe374f h1:6IsI+Ricvu+TJqB4o5yFqNaG74gCSAbw58WA5FRQLoU=
github.com/bhbosman/gocomms v0.0.0-20250308152759-52892cbe374f/go.mod h1:yyGVUqwnacaMBf/DeV+VbzD6AvfKOPl4CBkYoSNoqFc=
github.com/bhbosman/goerrors v0.0.0-20250307194237-312d070c8e38 h1:3jX77BrDYvQ4xiAQkat+N47OZoKECB9t27fQQfpqGRk=
github.com/bhbosman/goerrors v0.0.0-20250307194237-312d070c8e38/go.mod h1:2aeMPIIYjD7+5AmN1yaV/oAqCaExRDcl7SN+/zFLpew=
github.com/bhbosman/gomessageblock v0.0.0-20250307141417-ab783e8e2eba h1:BcXupDmD6uRluJ1whSXNXMLaDV1HtBlFrwa8OsZgT8E=
github.com/bhbosman/gomessageblock v0.0.0-20250307141417-ab783e8e2eba/go.mod h1:hk2R7Luioz1RAAEXAFk+tjaGc9oPz0nh0uAI2HUVGgY=
github.com/bhbosman/gomessageblock v0.0.0-20250308073733-0b3daca12e3a h1:HfPrjUycV04h5KYcdKhce7pfW7rFBkuNcJWCac7sTpU=
github.com/bhbosman/gomessageblock v0.0.0-20250308073733-0b3daca12e3a/go.mod h1:YNOfB3erjSecYIlka9YF1oaSj6hytrcffOCu6iOBVUQ=
github.com/bhbosman/gomock v1.6.1-0.20230302060806-d02c40b7514e h1:9ZZLTcBpRq0gCtFml4/M9EQ3E5sQoHIBRk0yLpuVFVQ=
github.com/bhbosman/gomock v1.6.1-0.20230302060806-d02c40b7514e/go.mod h1:YKHw244p9LQrfV48xfFMiAVbFE2qjBuU1OHTNjXwboE=
github.com/bhbosman/gomock v1.6.1-0.20250308071159-4cf72f668c72 h1:r5CkchfDmndKsk4ujkGVUX7WcZcJVVbhGyiT7Tt3zO0=
github.com/bhbosman/gomock v1.6.1-0.20250308071159-4cf72f668c72/go.mod h1:QvQoHRNh6hbY5chl6UwMoWO7rhBOWN1NQmGPYuR06CY=
github.com/bhbosman/goprotoextra v0.0.2 h1:LEEUuDa7X7ojAP56dw5SDoiYnTrErpjI7Bp25Q9Nw2I=
github.com/bhbosman/goprotoextra v0.0.2/go.mod h1:Jt+JnplitvFQLYeUKIuBnc+5aHBtRtvze8Hce0gMXiM=
github.com/bhbosman/pubsub v1.0.3-0.20220802200819-029949e8a8af h1:OkZ6Yjh5lWL1cD6FTeHe+cBCiWS+ofJYwlO/GUx880c=
github.com/bhbosman/pubsub v1.0.3-0.20220802200819-029949e8a8af/go.mod h1:uflhLeXzvTqu2aIOB7S7LvtVBnLzDluyHbBYwrPZfWc=
github.com/bhbosman/pubsub v1.0.3-0.20250308124829-e5731aa33222 h1:cHtirgrswJP8goqbY1edxxFUIWcwo9+fVKWR1LAoijo=
github.com/bhbosman/pubsub v1.0.3-0.20250308124829-e5731aa33222/go.mod h1:k9O2AJEIxJfyjM6xKczmuBumvRC+Pee76jW4Ir0+nTU=
github.com/bhbosman/tcell/v2 v2.5.2-0.20220624055704-f9a9454fab5b h1:mfhKWKkAnnEpjWYcFHR5B3G7VqYSaOJJ5SENyky5nOw=
github.com/bhbosman/tcell/v2 v2.5.2-0.20220624055704-f9a9454fab5b/go.mod h1:wSkrPaXoiIWZqW/g7Px4xc79di6FTcpB8tvaKJ6uGBo=
github.com/bhbosman/tcell/v2 v2.5.2-0.20250308093601-f0942a296aa0 h1:o0zDIrlFZpJAs81Ak09RmHMC46vwRhezkKlK0DTYCnw=
github.com/bhbosman/tcell/v2 v2.5.2-0.20250308093601-f0942a296aa0/go.mod h1:srlfyedi+17ne4uhMVbdp18VtVUTpCMxwc4XnU60kcA=
github.com/bhbosman/tview v0.0.0-20230310100135-f8b257a85d36 h1:tw+monSFvp/lRPe/ROz0KK6l2C2bunK7i6XVv5oFlFs=
github.com/bhbosman/tview v0.0.0-20230310100135-f8b257a85d36/go.mod h1:WIfMkQNY+oq/mWwtsjOYHIZBuwthioY2srOmljJkTnk=
github.com/bhbosman/tview v0.0.0-20250308051327-a656c1bc9cfa h1:DTmebmAT/iZ516hiDnylyW7eMwXKT7MXkw8UUYltTv0=
github.com/bhbosman/tview v0.0.0-20250308051327-a656c1bc9cfa/go.mod h1:lTkwUML3D0rvhpurD5ZM2gWsbaDvArcz5Bs+/Lublms=
github.com/cenkalti/backoff/v4 v4.0.0/go.mod h1:eEew/i+1Q6OrCDZh3WiXYv3+nJwBASZ8Bog/87DQnVg=
github.com/cenkalti/backoff/v4 v4.3.0 h1:MyRJ/UdXutAwSAT+s3wNd7MfTIcy71VQueUuFK343L8=
github.com/cenkalti/backoff/v4 v4.3.0/go.mod h1:Y3VNntkOUPxTVeUxJ/G5vcM//AlwfmyYozVcomhLiZE=
github.com/davecgh/go-spew v1.1.0/go.mod h1:J7Y8YcW2NihsgmVo/mv3lAwl/skON4iLHjSsI+c5H38=
github.com/davecgh/go-spew v1.1.1 h1:vj9j/u1bqnvCEfJOwUhtlOARqs3+rkHYY13jYWTU97c=
github.com/davecgh/go-spew v1.1.1/go.mod h1:J7Y8YcW2NihsgmVo/mv3lAwl/skON4iLHjSsI+c5H38=
github.com/emirpasic/gods v1.12.0/go.mod h1:YfzfFFoVP/catgzJb4IKIqXjX78Ha8FMSDh3ymbK86o=
github.com/emirpasic/gods v1.18.1 h1:FXtiHYKDGKCW2KzwZKx0iC0PQmdlorYgdFG9jPXJ1Bc=
github.com/emirpasic/gods v1.18.1/go.mod h1:8tpGGwCnJ5H4r6BWwaV6OrWmMoPhUl5jm/FMNAnJvWQ=
github.com/gdamore/encoding v1.0.0/go.mod h1:alR0ol34c49FCSBLjhosxzcPHQbf2trDkoo5dl+VrEg=
github.com/gdamore/encoding v1.0.1 h1:YzKZckdBL6jVt2Gc+5p82qhrGiqMdG/eNs6Wy0u3Uhw=
github.com/gdamore/encoding v1.0.1/go.mod h1:0Z0cMFinngz9kS1QfMjCP8TY7em3bZYeeklsSDPivEo=
github.com/google/renameio v0.1.0/go.mod h1:KWCgfxg9yswjAJkECMjeO8J8rahYeXnNhOm40UhjYkI=
github.com/icza/gox v0.2.0 h1:+0N8PCt9/QSx+k0dqe/wdlXJNR/haaPsPwrTJTNDeyk=
github.com/icza/gox v0.2.0/go.mod h1:rVecw5Q6POJAWBcXgCZdAtwK/hmoNehxCkAP3sMnOIc=
github.com/kisielk/gotool v1.0.0/go.mod h1:XhKaO+MFFWcvkIS/tQcRk01m1F5IRFswLeQ+oQHNcck=
github.com/kr/pretty v0.1.0 h1:L/CwN0zerZDmRFUapSPitk6f+Q3+0za1rQkzVuMiMFI=
github.com/kr/pretty v0.1.0/go.mod h1:dAy3ld7l9f0ibDNOQOHHMYYIIbhfbHSm3C4ZsoJORNo=
github.com/kr/pty v1.1.1/go.mod h1:pFQYn66WHrOpPYNljwOMqo10TkYh1fy3cYio2l3bCsQ=
github.com/kr/text v0.1.0/go.mod h1:4Jbv+DJW3UT/LiOwJeYQe1efqtUx/iVham/4vfdArNI=
github.com/kr/text v0.2.0 h1:5Nx0Ya0ZqY2ygV366QzturHI13Jq95ApcVaJBhpS+AY=
github.com/kr/text v0.2.0/go.mod h1:eLer722TekiGuMkidMxC/pM04lWEeraHUUmBw8l2grE=
github.com/lucasb-eyer/go-colorful v1.2.0 h1:1nnpGOrhyZZuNyfu1QjKiUICQ74+3FNCN69Aj6K7nkY=
github.com/lucasb-eyer/go-colorful v1.2.0/go.mod h1:R4dSotOR9KMtayYi1e77YzuveK+i7ruzyGqttikkLy0=
github.com/mattn/go-runewidth v0.0.13/go.mod h1:Jdepj2loyihRzMpdS35Xk/zdY8IAYHsh153qUoGf23w=
github.com/mattn/go-runewidth v0.0.16 h1:E5ScNMtiwvlvB5paMFdw9p4kSQzbXFikJ5SQO6TULQc=
github.com/mattn/go-runewidth v0.0.16/go.mod h1:Jdepj2loyihRzMpdS35Xk/zdY8IAYHsh153qUoGf23w=
github.com/pkg/errors v0.8.1/go.mod h1:bwawxfHBFNV+L2hUp1rHADufV3IMtnDRdf1r5NINEl0=
github.com/pmezard/go-difflib v1.0.0 h1:4DBwDE0NGyQoBHbLQYPwSUPoCMWR5BEzIk/f1lZbAQM=
github.com/pmezard/go-difflib v1.0.0/go.mod h1:iKH77koFhYxTK1pcRnkKkqfTogsbg7gZNVY4sRDYZ/4=
github.com/reactivex/rxgo/v2 v2.5.0 h1:FhPgHwX9vKdNQB2gq9EPt+EKk9QrrzoeztGbEEnZam4=
github.com/reactivex/rxgo/v2 v2.5.0/go.mod h1:bs4fVZxcb5ZckLIOeIeVH942yunJLWDABWGbrHAW+qU=
github.com/rivo/uniseg v0.2.0/go.mod h1:J6wj4VEh+S6ZtnVlnTBMWIodfgj8LQOQFoIToxlJtxc=
github.com/rivo/uniseg v0.4.7 h1:WUdvkW8uEhrYfLC4ZzdpI2ztxP1I582+49Oc5Mq64VQ=
github.com/rivo/uniseg v0.4.7/go.mod h1:FN3SvrM+Zdj16jyLfmOkMNblXMcoc8DfTHruCPUcx88=
github.com/rogpeppe/go-internal v1.3.0/go.mod h1:M8bDsm7K2OlrFYOpmOWEs/qY81heoFRclV5y23lUDJ4=
github.com/stretchr/objx v0.1.0/go.mod h1:HFkY916IF+rwdDfMAkV7OtwuqBVzrE8GR6GFx+wExME=
github.com/stretchr/objx v0.4.0/go.mod h1:YvHI0jy2hoMjB+UWwv71VJQ9isScKT/TqJzVSSt89Yw=
github.com/stretchr/objx v0.5.2 h1:xuMeJ0Sdp5ZMRXx/aWO6RZxdr3beISkG5/G/aIRr3pY=
github.com/stretchr/objx v0.5.2/go.mod h1:FRsXN1f5AsAjCGJKqEizvkpNtU+EGNCLh3NxZ/8L+MA=
github.com/stretchr/testify v1.3.0/go.mod h1:M5WIy9Dh21IEIfnGCwXGc5bZfKNJtfHm1UVUgZn+9EI=
github.com/stretchr/testify v1.4.0/go.mod h1:j7eGeouHqKxXV5pUuKE4zz7dFj8WfuZ+81PSLYec5m4=
github.com/stretchr/testify v1.7.0/go.mod h1:6Fq8oRcR53rry900zMqJjRRixrwX3KX962/h/Wwjteg=
github.com/stretchr/testify v1.7.1/go.mod h1:6Fq8oRcR53rry900zMqJjRRixrwX3KX962/h/Wwjteg=
github.com/stretchr/testify v1.8.0/go.mod h1:yNjHg4UonilssWZ8iaSj1OCr/vHnekPRkoO+kdMU+MU=
github.com/stretchr/testify v1.10.0 h1:Xv5erBjTwe/5IxqUQTdXv5kgmIvbHo3QQyRwhJsOfJA=
github.com/stretchr/testify v1.10.0/go.mod h1:r2ic/lqez/lEtzL7wO/rwa5dbSLXVDPFyf8C91i36aY=
github.com/teivah/onecontext v0.0.0-20200513185103-40f981bfd775/go.mod h1:XUZ4x3oGhWfiOnUvTslnKKs39AWUct3g3yJvXTQSJOQ=
github.com/teivah/onecontext v1.3.0 h1:tbikMhAlo6VhAuEGCvhc8HlTnpX4xTNPTOseWuhO1J0=
github.com/teivah/onecontext v1.3.0/go.mod h1:hoW1nmdPVK/0jrvGtcx8sCKYs2PiS4z0zzfdeuEVyb0=
github.com/yuin/goldmark v1.3.5/go.mod h1:mwnBkeHKe2W/ZEtQ+71ViKU8L12m81fl3OWwC1Zlc8k=
github.com/yuin/goldmark v1.4.13/go.mod h1:6yULJ656Px+3vBD8DxQVa3kxgyrAnzto9xy5taEt/CY=
go.uber.org/atomic v1.6.0/go.mod h1:sABNBOSYdrvTF6hTgEIbc7YasKWGhgEQZyfxyTvoXHQ=
go.uber.org/atomic v1.7.0/go.mod h1:fEN4uk6kAWBTFdckzkM89CLk9XfWZrxpCo0nPH17wJc=
go.uber.org/dig v1.14.0/go.mod h1:jHAn/z1Ld1luVVyGKOAIFYz/uBFqKjjEEdIqVAqfQ2o=
go.uber.org/dig v1.16.1/go.mod h1:557JTAUZT5bUK0SvCwikmLPPtdQhfvLYtO5tJgQSbnk=
go.uber.org/dig v1.18.1 h1:rLww6NuajVjeQn+49u5NcezUJEGwd5uXmyoCKW2g5Es=
go.uber.org/dig v1.18.1/go.mod h1:Us0rSJiThwCv2GteUN0Q7OKvU7n5J4dxZ9JKUXozFdE=
go.uber.org/fx v1.17.1/go.mod h1:yO7KN5rhlARljyo4LR047AjaV6J+KFzd/Z7rnTbEn0A=
go.uber.org/fx v1.19.2/go.mod h1:43G1VcqSzbIv77y00p1DRAsyZS8WdzuYdhZXmEUkMyQ=
go.uber.org/fx v1.23.0 h1:lIr/gYWQGfTwGcSXWXu4vP5Ws6iqnNEIY+F/aFzCKTg=
go.uber.org/fx v1.23.0/go.mod h1:o/D9n+2mLP6v1EG+qsdT1O8wKopYAsqZasju97SDFCU=
go.uber.org/goleak v1.1.10/go.mod h1:8a7PlsEVH3e/a/GLqe5IIrQx6GzcnRmZEufDUTk4A7A=
go.uber.org/goleak v1.1.11/go.mod h1:cwTWslyiVhfpKIDGSZEM2HlOvcqm+tG4zioyIeLoqMQ=
go.uber.org/goleak v1.3.0 h1:2K3zAYmnTNqV73imy9J1T3WC+gmCePx2hEGkimedGto=
go.uber.org/goleak v1.3.0/go.mod h1:CoHD4mav9JJNrW/WLlf7HGZPjdw8EucARQHekz1X6bE=
go.uber.org/multierr v1.5.0/go.mod h1:FeouvMocqHpRaaGuG9EjoKcStLC43Zu/fmqdUMPcKYU=
go.uber.org/multierr v1.6.0/go.mod h1:cdWPpRnG4AhwMwsgIHip0KRBQjJy5kYEpYjJxpXp9iU=
go.uber.org/multierr v1.11.0 h1:blXXJkSxSSfBVBlC76pxqeO+LN3aDfLQo+309xJstO0=
go.uber.org/multierr v1.11.0/go.mod h1:20+QtiLqy0Nd6FdQB9TLXag12DsQkrbs3htMFfDN80Y=
go.uber.org/tools v0.0.0-20190618225709-2cfd321de3ee/go.mod h1:vJERXedbb3MVM5f9Ejo0C68/HhF8uaILCdgjnY+goOA=
go.uber.org/zap v1.16.0/go.mod h1:MA8QOfq0BHJwdXa996Y4dYkAqRKB8/1K1QMMZVaNZjQ=
go.uber.org/zap v1.21.0/go.mod h1:wjWOCqI0f2ZZrJF/UufIOkiC8ii6tm1iqIsLo76RfJw=
go.uber.org/zap v1.23.0/go.mod h1:D+nX8jyLsMHMYrln8A0rJjFt/T/9/bGgIhAqxv5URuY=
go.uber.org/zap v1.27.0 h1:aJMhYGrd5QSmlpLMr2MftRKl7t8J8PTZPA732ud/XR8=
go.uber.org/zap v1.27.0/go.mod h1:GB2qFLM7cTU87MWRP2mPIjqfIDnGu+VIO4V/SdhGo2E=
golang.org/x/crypto v0.0.0-20190308221718-c2843e01d9a2/go.mod h1:djNgcEr1/C05ACkg1iLfiJU5Ep61QUkGW8qpdssI0+w=
golang.org/x/crypto v0.0.0-20190510104115-cbcb75029529/go.mod h1:yigFU9vqHzYiE8UmvKecakEJjdnWj3jj499lnFckfCI=
golang.org/x/crypto v0.0.0-20191011191535-87dc89f01550/go.mod h1:yigFU9vqHzYiE8UmvKecakEJjdnWj3jj499lnFckfCI=
golang.org/x/crypto v0.0.0-20210921155107-089bfa567519/go.mod h1:GvvjBRRGRdwPK5ydBHafDWAxML/pGHZbMvKqRZ5+Abc=
golang.org/x/crypto v0.36.0 h1:AnAEvhDddvBdpY+uR+MyHmuZzzNqXSe/GvuDeob5L34=
golang.org/x/crypto v0.36.0/go.mod h1:Y4J0ReaxCR1IMaabaSMugxJES1EpwhBHhv2bDHklZvc=
golang.org/x/lint v0.0.0-20190930215403-16217165b5de/go.mod h1:6SW0HCj/g11FgYtHlgUYUwCkIfeOF89ocIRzGO/8vkc=
golang.org/x/mod v0.0.0-20190513183733-4bf6d317e70e/go.mod h1:mXi4GBBbnImb6dmsKGUJ2LatrhH/nqhxcFungHvyanc=
golang.org/x/mod v0.4.2/go.mod h1:s0Qsj1ACt9ePp/hMypM3fl4fZqREWJwdYDEqhRiZZUA=
golang.org/x/mod v0.6.0-dev.0.20220419223038-86c51ed26bb4/go.mod h1:jJ57K6gSWd91VN4djpZkiMVwK6gcyfeH4XE8wZrZaV4=
golang.org/x/mod v0.8.0/go.mod h1:iBbtSCu2XBx23ZKBPSOrRkjjQPZFPuis4dIYUhu/chs=
golang.org/x/net v0.0.0-20190311183353-d8887717615a/go.mod h1:t9HGtf8HONx5eT2rtn7q6eTqICYqUVnKs3thJo3Qplg=
golang.org/x/net v0.0.0-20190404232315-eb5bcb51f2a3/go.mod h1:t9HGtf8HONx5eT2rtn7q6eTqICYqUVnKs3thJo3Qplg=
golang.org/x/net v0.0.0-20190620200207-3b0461eec859/go.mod h1:z5CRVTTTmAJ677TzLLGU+0bjPO0LkuOLi4/5GtJWs/s=
golang.org/x/net v0.0.0-20210226172049-e18ecbb05110/go.mod h1:m0MpNAwzfU5UDzcl9v0D8zg8gWTRqZa9RBIspLL5mdg=
golang.org/x/net v0.0.0-20210405180319-a5a99cb37ef4/go.mod h1:p54w0d4576C0XHj96bSt6lcn1PtDYWL6XObtHCRCNQM=
golang.org/x/net v0.0.0-20220722155237-a158d28d115b/go.mod h1:XRhObCWvk6IyKnWLug+ECip1KBveYUHfp+8e9klMJ9c=
golang.org/x/net v0.6.0/go.mod h1:2Tu9+aMcznHK/AK1HMvgo6xiTLG5rD5rZLDS+rp2Bjs=
golang.org/x/net v0.37.0 h1:1zLorHbz+LYj7MQlSf1+2tPIIgibq2eL5xkrGk6f+2c=
golang.org/x/net v0.37.0/go.mod h1:ivrbrMbzFq5J41QOQh0siUuly180yBYtLp+CKbEaFx8=
golang.org/x/sync v0.0.0-20190423024810-112230192c58/go.mod h1:RxMgew5VJxzue5/jJTE5uejpjVlOe/izrB70Jof72aM=
golang.org/x/sync v0.0.0-20190911185100-cd5d95a43a6e/go.mod h1:RxMgew5VJxzue5/jJTE5uejpjVlOe/izrB70Jof72aM=
golang.org/x/sync v0.0.0-20210220032951-036812b2e83c/go.mod h1:RxMgew5VJxzue5/jJTE5uejpjVlOe/izrB70Jof72aM=
golang.org/x/sync v0.0.0-20220722155255-886fb9371eb4/go.mod h1:RxMgew5VJxzue5/jJTE5uejpjVlOe/izrB70Jof72aM=
golang.org/x/sync v0.1.0/go.mod h1:RxMgew5VJxzue5/jJTE5uejpjVlOe/izrB70Jof72aM=
golang.org/x/sync v0.12.0 h1:MHc5BpPuC30uJk597Ri8TV3CNZcTLu6B6z4lJy+g6Jw=
golang.org/x/sync v0.12.0/go.mod h1:1dzgHSNfp02xaA81J2MS99Qcpr2w7fw1gpm99rleRqA=
golang.org/x/sys v0.0.0-20190215142949-d0b11bdaac8a/go.mod h1:STP8DvDyc/dI5b8T5hshtkjS+E42TnysNCUPdjciGhY=
golang.org/x/sys v0.0.0-20190412213103-97732733099d/go.mod h1:h1NjWce9XRLGQEsW7wpKNCjG9DtNlClVuFLEZdDNbEs=
golang.org/x/sys v0.0.0-20201119102817-f84b799fce68/go.mod h1:h1NjWce9XRLGQEsW7wpKNCjG9DtNlClVuFLEZdDNbEs=
golang.org/x/sys v0.0.0-20210309074719-68d13333faf2/go.mod h1:h1NjWce9XRLGQEsW7wpKNCjG9DtNlClVuFLEZdDNbEs=
golang.org/x/sys v0.0.0-20210330210617-4fbd30eecc44/go.mod h1:h1NjWce9XRLGQEsW7wpKNCjG9DtNlClVuFLEZdDNbEs=
golang.org/x/sys v0.0.0-20210510120138-977fb7262007/go.mod h1:oPkhp1MJrh7nUepCBck5+mAzfO9JrbApNNgaTdGDITg=
golang.org/x/sys v0.0.0-20210615035016-665e8c7367d1/go.mod h1:oPkhp1MJrh7nUepCBck5+mAzfO9JrbApNNgaTdGDITg=
golang.org/x/sys v0.0.0-20210903071746-97244b99971b/go.mod h1:oPkhp1MJrh7nUepCBck5+mAzfO9JrbApNNgaTdGDITg=
golang.org/x/sys v0.0.0-20220318055525-2edf467146b5/go.mod h1:oPkhp1MJrh7nUepCBck5+mAzfO9JrbApNNgaTdGDITg=
golang.org/x/sys v0.0.0-20220520151302-bc2c85ada10a/go.mod h1:oPkhp1MJrh7nUepCBck5+mAzfO9JrbApNNgaTdGDITg=
golang.org/x/sys v0.0.0-20220722155257-8c9f86f7a55f/go.mod h1:oPkhp1MJrh7nUepCBck5+mAzfO9JrbApNNgaTdGDITg=
golang.org/x/sys v0.5.0/go.mod h1:oPkhp1MJrh7nUepCBck5+mAzfO9JrbApNNgaTdGDITg=
golang.org/x/sys v0.31.0 h1:ioabZlmFYtWhL+TRYpcnNlLwhyxaM9kWTDEmfnprqik=
golang.org/x/sys v0.31.0/go.mod h1:BJP2sWEmIv4KK5OTEluFJCKSidICx8ciO85XgH3Ak8k=
golang.org/x/term v0.0.0-20201126162022-7de9c90e9dd1/go.mod h1:bj7SfCRtBDWHUb9snDiAeCFNEtKQo2Wmx5Cou7ajbmo=
golang.org/x/term v0.0.0-20201210144234-2321bbc49cbf/go.mod h1:bj7SfCRtBDWHUb9snDiAeCFNEtKQo2Wmx5Cou7ajbmo=
golang.org/x/term v0.0.0-20210220032956-6a3ed077a48d/go.mod h1:bj7SfCRtBDWHUb9snDiAeCFNEtKQo2Wmx5Cou7ajbmo=
golang.org/x/term v0.0.0-20210927222741-03fcf44c2211/go.mod h1:jbD1KX2456YbFQfuXm/mYQcufACuNUgVhRMnK/tPxf8=
golang.org/x/term v0.5.0/go.mod h1:jMB1sMXY+tzblOD4FWmEbocvup2/aLOaQEp7JmGp78k=
golang.org/x/term v0.30.0 h1:PQ39fJZ+mfadBm0y5WlL4vlM7Sx1Hgf13sMIY2+QS9Y=
golang.org/x/term v0.30.0/go.mod h1:NYYFdzHoI5wRh/h5tDMdMqCqPJZEuNqVR5xJLd/n67g=
golang.org/x/text v0.3.0/go.mod h1:NqM8EUOU14njkJ3fqMW+pc6Ldnwhi/IjpwHt7yyuwOQ=
golang.org/x/text v0.3.3/go.mod h1:5Zoc/QRtKVWzQhOtBMvqHzDpF6irO9z98xDceosuGiQ=
golang.org/x/text v0.3.7/go.mod h1:u+2+/6zg+i71rQMx5EYifcz6MCKuco9NR6JIITiCfzQ=
golang.org/x/text v0.7.0/go.mod h1:mrYo+phRRbMaCq/xk9113O4dZlRixOauAjOtrjsXDZ8=
golang.org/x/text v0.14.0/go.mod h1:18ZOQIKpY8NJVqYksKHtTdi31H5itFRjB5/qKTNYzSU=
golang.org/x/text v0.23.0 h1:D71I7dUrlY+VX0gQShAThNGHFxZ13dGLBHQLVl1mJlY=
golang.org/x/text v0.23.0/go.mod h1:/BLNzu4aZCJ1+kcD0DNRotWKage4q2rGVAg4o22unh4=
golang.org/x/tools v0.0.0-20180917221912-90fa682c2a6e/go.mod h1:n7NCudcB/nEzxVGmLbDWY5pfWTLqBcC2KZ6jyYvM4mQ=
golang.org/x/tools v0.0.0-20190311212946-11955173bddd/go.mod h1:LCzVGOaR6xXOjkQ3onu1FJEFr0SW1gC7cKk1uF8kGRs=
golang.org/x/tools v0.0.0-20190621195816-6e04913cbbac/go.mod h1:/rFqwRUd4F7ZHNgwSSTFct+R/Kf4OFW1sUzUTQQTgfc=
golang.org/x/tools v0.0.0-20191029041327-9cc4af7d6b2c/go.mod h1:b+2E5dAYhXwXZwtnZ6UAqBI28+e2cm9otk0dWdXHAEo=
golang.org/x/tools v0.0.0-20191029190741-b9c20aec41a5/go.mod h1:b+2E5dAYhXwXZwtnZ6UAqBI28+e2cm9otk0dWdXHAEo=
golang.org/x/tools v0.0.0-20191108193012-7d206e10da11/go.mod h1:b+2E5dAYhXwXZwtnZ6UAqBI28+e2cm9otk0dWdXHAEo=
golang.org/x/tools v0.0.0-20191119224855-298f0cb1881e/go.mod h1:b+2E5dAYhXwXZwtnZ6UAqBI28+e2cm9otk0dWdXHAEo=
golang.org/x/tools v0.1.5/go.mod h1:o0xws9oXOQQZyjljx8fwUC0k7L1pTE6eaCbjGeHmOkk=
golang.org/x/tools v0.1.12/go.mod h1:hNGJHUnrk76NpqgfD5Aqm5Crs+Hm0VOH/i9J2+nxYbc=
golang.org/x/tools v0.6.0/go.mod h1:Xwgl3UAJ/d3gWutnCtw505GrjyAbvKui8lOU390QaIU=
golang.org/x/xerrors v0.0.0-20190717185122-a985d3407aa7/go.mod h1:I/5z698sn9Ka8TeJc9MKroUUfqBBauWjQqLJ2OPfmY0=
golang.org/x/xerrors v0.0.0-20191011141410-1b5146add898/go.mod h1:I/5z698sn9Ka8TeJc9MKroUUfqBBauWjQqLJ2OPfmY0=
golang.org/x/xerrors v0.0.0-20200804184101-5ec99f83aff1/go.mod h1:I/5z698sn9Ka8TeJc9MKroUUfqBBauWjQqLJ2OPfmY0=
gopkg.in/check.v1 v0.0.0-20161208181325-20d25e280405/go.mod h1:Co6ibVJAznAaIkqp8huTwlJQCZ016jof/cbN4VW5Yz0=
gopkg.in/check.v1 v1.0.0-20180628173108-788fd7840127 h1:qIbj1fsPNlZgppZ+VLlY7N33q108Sa+fhmuc+sWQYwY=
gopkg.in/check.v1 v1.0.0-20180628173108-788fd7840127/go.mod h1:Co6ibVJAznAaIkqp8huTwlJQCZ016jof/cbN4VW5Yz0=
gopkg.in/errgo.v2 v2.1.0/go.mod h1:hNsd1EY+bozCKY1Ytp96fpM3vjJbqLJn88ws8XvfDNI=
gopkg.in/yaml.v2 v2.2.2/go.mod h1:hI93XBmqTisBFMUTm0b8Fm+jr3Dg1NNxqwp+5A1VGuI=
gopkg.in/yaml.v2 v2.2.8/go.mod h1:hI93XBmqTisBFMUTm0b8Fm+jr3Dg1NNxqwp+5A1VGuI=
gopkg.in/yaml.v3 v3.0.0-20200313102051-9f266ea9e77c/go.mod h1:K4uyk7z7BCEPqu6E+C64Yfv1cQ7kz7rIZviUmN+EgEM=
gopkg.in/yaml.v3 v3.0.0-20210107192922-496545a6307b/go.mod h1:K4uyk7z7BCEPqu6E+C64Yfv1cQ7kz7rIZviUmN+EgEM=
gopkg.in/yaml.v3 v3.0.1 h1:fxVm/GzAzEWqLHuvctI91KS9hhNmmWOoWu0XTYJS7CA=
gopkg.in/yaml.v3 v3.0.1/go.mod h1:K4uyk7z7BCEPqu6E+C64Yfv1cQ7kz7rIZviUmN+EgEM=
honnef.co/go/tools v0.0.1-2019.2.3/go.mod h1:a3bituU0lyd329TUQxRnasdCoJDkEUEAqEt0JzvZhAg=
